{
  "name": "equalto-nodejs-example",
  "version": "1.0.0",
  "lockfileVersion": 2,
  "requires": true,
  "packages": {
    "": {
      "name": "equalto-nodejs-example",
      "version": "1.0.0",
      "license": "UNLICENSED",
      "dependencies": {
        "@equalto/wasm": "file:../../pkg/node-xlsx"
      }
    },
    "../../pkg/node": {
      "name": "equalto_wasm",
      "version": "0.1.0",
      "extraneous": true
    },
    "node_modules/@equalto/wasm": {
      "name": "equalto_wasm",
      "version": "0.1.0",
      "resolved": "file:../../pkg/node-xlsx"
    }
  },
  "dependencies": {
    "@equalto/wasm": {
      "version": "npm:equalto_wasm@0.1.0"
    }
  }
}
